
Microsoft Visual Studio Solution File, Format Version 12.00
# Visual Studio Version 17
VisualStudioVersion = 17.2.32630.192
MinimumVisualStudioVersion = 10.0.40219.1
Project("{2150E333-8FDC-42A3-9474-1A3956D46DE8}") = "Core", "Core", "{58E75576-77EC-4A75-A129-08D9E7E42913}"
EndProject
Project("{2150E333-8FDC-42A3-9474-1A3956D46DE8}") = "Presentation", "Presentation", "{900B02EE-0CA7-4A4D-939D-DBE5BAB0554D}"
EndProject
Project("{2150E333-8FDC-42A3-9474-1A3956D46DE8}") = "Services", "Services", "{76257750-C181-4A87-9BB8-6FE8183FB88F}"
EndProject
Project("{9A19103F-16F7-4668-BE54-9A1E7A4F7556}") = "FA_Manager.API.BalanceSheet", "FA_Manager.API.BalanceSheet\FA_Manager.API.BalanceSheet.csproj", "{01E870E4-9389-4FF0-8324-9E393A3946B9}"
EndProject
Project("{9A19103F-16F7-4668-BE54-9A1E7A4F7556}") = "FA_Manager.API.Global", "FA_Manager.API.Global\FA_Manager.API.Global.csproj", "{53EAC113-2545-41C2-88D3-E7A5372CDF42}"
EndProject
Project("{9A19103F-16F7-4668-BE54-9A1E7A4F7556}") = "FA_Manager.API.Reporting", "FA_Manager.API.Reporting\FA_Manager.API.Reporting.csproj", "{72E9770C-FB65-459E-92D8-D4BAAA34BF83}"
EndProject
Project("{9A19103F-16F7-4668-BE54-9A1E7A4F7556}") = "FA_Manager.API.Payroll", "FA_Manager.API.Payroll\FA_Manager.API.Payroll.csproj", "{1694B59A-8ACA-4171-807D-7A5012B68D74}"
EndProject
Project("{9A19103F-16F7-4668-BE54-9A1E7A4F7556}") = "FA_Manager.API.Configuration", "FA_Manager.API.Configuration\FA_Manager.API.Configuration.csproj", "{0D357213-3ECD-4EFC-A19E-058C509BF58F}"
EndProject
Project("{9A19103F-16F7-4668-BE54-9A1E7A4F7556}") = "FA_Manager.Services.Configuration", "FA_Manager.Services.Configuration\FA_Manager.Services.Configuration.csproj", "{479A29C7-67C2-417E-BECE-45EF66052D96}"
EndProject
Project("{9A19103F-16F7-4668-BE54-9A1E7A4F7556}") = "FA_Manager.Services.Global", "FA_Manager.Services.Global\FA_Manager.Services.Global.csproj", "{A261100F-CD19-4C35-B642-AC2DBFC3EA7B}"
EndProject
Project("{9A19103F-16F7-4668-BE54-9A1E7A4F7556}") = "FA_Manager.Services.BalanceSheet", "FA_Manager.Services.BalanceSheet\FA_Manager.Services.BalanceSheet.csproj", "{50FF0B50-BEFB-4828-A36F-3DD2F50C46D5}"
EndProject
Project("{9A19103F-16F7-4668-BE54-9A1E7A4F7556}") = "FA_Manager.Services.Reporting", "FA_Manager.Services.Reporting\FA_Manager.Services.Reporting.csproj", "{F486CF88-C5F8-4313-A723-100979D3C8AE}"
EndProject
Project("{9A19103F-16F7-4668-BE54-9A1E7A4F7556}") = "FA_Manager.Services.Payroll", "FA_Manager.Services.Payroll\FA_Manager.Services.Payroll.csproj", "{23F0990C-CB54-4358-9306-9BCC60C632C8}"
EndProject
Project("{9A19103F-16F7-4668-BE54-9A1E7A4F7556}") = "FA_Solutions.AdvanceLibrary", "FA_Solutions.AdvanceLibrary\FA_Solutions.AdvanceLibrary.csproj", "{0613DE94-CDC3-4BC2-9BA7-3DDEAFEE6A1B}"
EndProject
Project("{9A19103F-16F7-4668-BE54-9A1E7A4F7556}") = "FA_Solutions.Microservice", "FA_Solutions.Microservice\FA_Solutions.Microservice.csproj", "{08870F37-3A33-4B35-BA35-CF160A465F71}"
EndProject
Project("{9A19103F-16F7-4668-BE54-9A1E7A4F7556}") = "FA_Solutions.Utility", "FA_Solutions.Utility\FA_Solutions.Utility.csproj", "{5DC5CB21-5807-4342-91F0-015DD8A337B6}"
EndProject
Project("{9A19103F-16F7-4668-BE54-9A1E7A4F7556}") = "FA_Solutions.DataAccess", "FA_Solutions.DataAccess\FA_Solutions.DataAccess.csproj", "{203B10A2-C291-4F6F-8AC1-CC2FE10B4D8B}"
EndProject
Global
	GlobalSection(SolutionConfigurationPlatforms) = preSolution
		Debug|Any CPU = Debug|Any CPU
		Release|Any CPU = Release|Any CPU
	EndGlobalSection
	GlobalSection(ProjectConfigurationPlatforms) = postSolution
		{01E870E4-9389-4FF0-8324-9E393A3946B9}.Debug|Any CPU.ActiveCfg = Debug|Any CPU
		{01E870E4-9389-4FF0-8324-9E393A3946B9}.Debug|Any CPU.Build.0 = Debug|Any CPU
		{01E870E4-9389-4FF0-8324-9E393A3946B9}.Release|Any CPU.ActiveCfg = Release|Any CPU
		{01E870E4-9389-4FF0-8324-9E393A3946B9}.Release|Any CPU.Build.0 = Release|Any CPU
		{53EAC113-2545-41C2-88D3-E7A5372CDF42}.Debug|Any CPU.ActiveCfg = Debug|Any CPU
		{53EAC113-2545-41C2-88D3-E7A5372CDF42}.Debug|Any CPU.Build.0 = Debug|Any CPU
		{53EAC113-2545-41C2-88D3-E7A5372CDF42}.Release|Any CPU.ActiveCfg = Release|Any CPU
		{53EAC113-2545-41C2-88D3-E7A5372CDF42}.Release|Any CPU.Build.0 = Release|Any CPU
		{72E9770C-FB65-459E-92D8-D4BAAA34BF83}.Debug|Any CPU.ActiveCfg = Debug|Any CPU
		{72E9770C-FB65-459E-92D8-D4BAAA34BF83}.Debug|Any CPU.Build.0 = Debug|Any CPU
		{72E9770C-FB65-459E-92D8-D4BAAA34BF83}.Release|Any CPU.ActiveCfg = Release|Any CPU
		{72E9770C-FB65-459E-92D8-D4BAAA34BF83}.Release|Any CPU.Build.0 = Release|Any CPU
		{1694B59A-8ACA-4171-807D-7A5012B68D74}.Debug|Any CPU.ActiveCfg = Debug|Any CPU
		{1694B59A-8ACA-4171-807D-7A5012B68D74}.Debug|Any CPU.Build.0 = Debug|Any CPU
		{1694B59A-8ACA-4171-807D-7A5012B68D74}.Release|Any CPU.ActiveCfg = Release|Any CPU
		{1694B59A-8ACA-4171-807D-7A5012B68D74}.Release|Any CPU.Build.0 = Release|Any CPU
		{0D357213-3ECD-4EFC-A19E-058C509BF58F}.Debug|Any CPU.ActiveCfg = Debug|Any CPU
		{0D357213-3ECD-4EFC-A19E-058C509BF58F}.Debug|Any CPU.Build.0 = Debug|Any CPU
		{0D357213-3ECD-4EFC-A19E-058C509BF58F}.Release|Any CPU.ActiveCfg = Release|Any CPU
		{0D357213-3ECD-4EFC-A19E-058C509BF58F}.Release|Any CPU.Build.0 = Release|Any CPU
		{479A29C7-67C2-417E-BECE-45EF66052D96}.Debug|Any CPU.ActiveCfg = Debug|Any CPU
		{479A29C7-67C2-417E-BECE-45EF66052D96}.Debug|Any CPU.Build.0 = Debug|Any CPU
		{479A29C7-67C2-417E-BECE-45EF66052D96}.Release|Any CPU.ActiveCfg = Release|Any CPU
		{479A29C7-67C2-417E-BECE-45EF66052D96}.Release|Any CPU.Build.0 = Release|Any CPU
		{A261100F-CD19-4C35-B642-AC2DBFC3EA7B}.Debug|Any CPU.ActiveCfg = Debug|Any CPU
		{A261100F-CD19-4C35-B642-AC2DBFC3EA7B}.Debug|Any CPU.Build.0 = Debug|Any CPU
		{A261100F-CD19-4C35-B642-AC2DBFC3EA7B}.Release|Any CPU.ActiveCfg = Release|Any CPU
		{A261100F-CD19-4C35-B642-AC2DBFC3EA7B}.Release|Any CPU.Build.0 = Release|Any CPU
		{50FF0B50-BEFB-4828-A36F-3DD2F50C46D5}.Debug|Any CPU.ActiveCfg = Debug|Any CPU
		{50FF0B50-BEFB-4828-A36F-3DD2F50C46D5}.Debug|Any CPU.Build.0 = Debug|Any CPU
		{50FF0B50-BEFB-4828-A36F-3DD2F50C46D5}.Release|Any CPU.ActiveCfg = Release|Any CPU
		{50FF0B50-BEFB-4828-A36F-3DD2F50C46D5}.Release|Any CPU.Build.0 = Release|Any CPU
		{F486CF88-C5F8-4313-A723-100979D3C8AE}.Debug|Any CPU.ActiveCfg = Debug|Any CPU
		{F486CF88-C5F8-4313-A723-100979D3C8AE}.Debug|Any CPU.Build.0 = Debug|Any CPU
		{F486CF88-C5F8-4313-A723-100979D3C8AE}.Release|Any CPU.ActiveCfg = Release|Any CPU
		{F486CF88-C5F8-4313-A723-100979D3C8AE}.Release|Any CPU.Build.0 = Release|Any CPU
		{23F0990C-CB54-4358-9306-9BCC60C632C8}.Debug|Any CPU.ActiveCfg = Debug|Any CPU
		{23F0990C-CB54-4358-9306-9BCC60C632C8}.Debug|Any CPU.Build.0 = Debug|Any CPU
		{23F0990C-CB54-4358-9306-9BCC60C632C8}.Release|Any CPU.ActiveCfg = Release|Any CPU
		{23F0990C-CB54-4358-9306-9BCC60C632C8}.Release|Any CPU.Build.0 = Release|Any CPU
		{0613DE94-CDC3-4BC2-9BA7-3DDEAFEE6A1B}.Debug|Any CPU.ActiveCfg = Debug|Any CPU
		{0613DE94-CDC3-4BC2-9BA7-3DDEAFEE6A1B}.Debug|Any CPU.Build.0 = Debug|Any CPU
		{0613DE94-CDC3-4BC2-9BA7-3DDEAFEE6A1B}.Release|Any CPU.ActiveCfg = Release|Any CPU
		{0613DE94-CDC3-4BC2-9BA7-3DDEAFEE6A1B}.Release|Any CPU.Build.0 = Release|Any CPU
		{08870F37-3A33-4B35-BA35-CF160A465F71}.Debug|Any CPU.ActiveCfg = Debug|Any CPU
		{08870F37-3A33-4B35-BA35-CF160A465F71}.Debug|Any CPU.Build.0 = Debug|Any CPU
		{08870F37-3A33-4B35-BA35-CF160A465F71}.Release|Any CPU.ActiveCfg = Release|Any CPU
		{08870F37-3A33-4B35-BA35-CF160A465F71}.Release|Any CPU.Build.0 = Release|Any CPU
		{5DC5CB21-5807-4342-91F0-015DD8A337B6}.Debug|Any CPU.ActiveCfg = Debug|Any CPU
		{5DC5CB21-5807-4342-91F0-015DD8A337B6}.Debug|Any CPU.Build.0 = Debug|Any CPU
		{5DC5CB21-5807-4342-91F0-015DD8A337B6}.Release|Any CPU.ActiveCfg = Release|Any CPU
		{5DC5CB21-5807-4342-91F0-015DD8A337B6}.Release|Any CPU.Build.0 = Release|Any CPU
		{203B10A2-C291-4F6F-8AC1-CC2FE10B4D8B}.Debug|Any CPU.ActiveCfg = Debug|Any CPU
		{203B10A2-C291-4F6F-8AC1-CC2FE10B4D8B}.Debug|Any CPU.Build.0 = Debug|Any CPU
		{203B10A2-C291-4F6F-8AC1-CC2FE10B4D8B}.Release|Any CPU.ActiveCfg = Release|Any CPU
		{203B10A2-C291-4F6F-8AC1-CC2FE10B4D8B}.Release|Any CPU.Build.0 = Release|Any CPU
	EndGlobalSection
	GlobalSection(SolutionProperties) = preSolution
		HideSolutionNode = FALSE
	EndGlobalSection
	GlobalSection(NestedProjects) = preSolution
		{01E870E4-9389-4FF0-8324-9E393A3946B9} = {900B02EE-0CA7-4A4D-939D-DBE5BAB0554D}
		{53EAC113-2545-41C2-88D3-E7A5372CDF42} = {900B02EE-0CA7-4A4D-939D-DBE5BAB0554D}
		{72E9770C-FB65-459E-92D8-D4BAAA34BF83} = {900B02EE-0CA7-4A4D-939D-DBE5BAB0554D}
		{1694B59A-8ACA-4171-807D-7A5012B68D74} = {900B02EE-0CA7-4A4D-939D-DBE5BAB0554D}
		{0D357213-3ECD-4EFC-A19E-058C509BF58F} = {900B02EE-0CA7-4A4D-939D-DBE5BAB0554D}
		{479A29C7-67C2-417E-BECE-45EF66052D96} = {76257750-C181-4A87-9BB8-6FE8183FB88F}
		{A261100F-CD19-4C35-B642-AC2DBFC3EA7B} = {76257750-C181-4A87-9BB8-6FE8183FB88F}
		{50FF0B50-BEFB-4828-A36F-3DD2F50C46D5} = {76257750-C181-4A87-9BB8-6FE8183FB88F}
		{F486CF88-C5F8-4313-A723-100979D3C8AE} = {76257750-C181-4A87-9BB8-6FE8183FB88F}
		{23F0990C-CB54-4358-9306-9BCC60C632C8} = {76257750-C181-4A87-9BB8-6FE8183FB88F}
		{0613DE94-CDC3-4BC2-9BA7-3DDEAFEE6A1B} = {58E75576-77EC-4A75-A129-08D9E7E42913}
		{08870F37-3A33-4B35-BA35-CF160A465F71} = {58E75576-77EC-4A75-A129-08D9E7E42913}
		{5DC5CB21-5807-4342-91F0-015DD8A337B6} = {58E75576-77EC-4A75-A129-08D9E7E42913}
		{203B10A2-C291-4F6F-8AC1-CC2FE10B4D8B} = {58E75576-77EC-4A75-A129-08D9E7E42913}
	EndGlobalSection
	GlobalSection(ExtensibilityGlobals) = postSolution
		SolutionGuid = {20101B79-0039-45A0-8F1E-3A27D78F463B}
	EndGlobalSection
EndGlobal
